
Microsoft Visual Studio Solution File, Format Version 12.00
# Visual Studio 15
VisualStudioVersion = 15.0.26730.16
MinimumVisualStudioVersion = 10.0.40219.1
Project("{FAE04EC0-301F-11D3-BF4B-00C04F79EFBC}") = "reformaagraria", "reformaagraria\reformaagraria.csproj", "{05CB4018-5FAA-4068-8601-C337B65A6320}"
EndProject
Global
	GlobalSection(SolutionConfigurationPlatforms) = preSolution
		Debug|Any CPU = Debug|Any CPU
		Release|Any CPU = Release|Any CPU
	EndGlobalSection
	GlobalSection(ProjectConfigurationPlatforms) = postSolution
		{05CB4018-5FAA-4068-8601-C337B65A6320}.Debug|Any CPU.ActiveCfg = Debug|Any CPU
		{05CB4018-5FAA-4068-8601-C337B65A6320}.Debug|Any CPU.Build.0 = Debug|Any CPU
		{05CB4018-5FAA-4068-8601-C337B65A6320}.Release|Any CPU.ActiveCfg = Release|Any CPU
		{05CB4018-5FAA-4068-8601-C337B65A6320}.Release|Any CPU.Build.0 = Release|Any CPU
	EndGlobalSection
	GlobalSection(SolutionProperties) = preSolution
		HideSolutionNode = FALSE
	EndGlobalSection
	GlobalSection(ExtensibilityGlobals) = postSolution
		SolutionGuid = {FCDF0181-F001-4CC6-B55F-54E2A5CD0AEA}
	EndGlobalSection
EndGlobal
